
Microsoft Visual Studio Solution File, Format Version 12.00
# Visual Studio Version 17
VisualStudioVersion = 17.2.32616.157
MinimumVisualStudioVersion = 10.0.40219.1
Project("{FAE04EC0-301F-11D3-BF4B-00C04F79EFBC}") = "CollectionsWebApp", "CollectionsWebApp.csproj", "{371B13E0-96EF-4603-85D1-19BC2D9212DA}"
EndProject
Global
	GlobalSection(SolutionConfigurationPlatforms) = preSolution
		Debug|Any CPU = Debug|Any CPU
		Release|Any CPU = Release|Any CPU
	EndGlobalSection
	GlobalSection(ProjectConfigurationPlatforms) = postSolution
		{371B13E0-96EF-4603-85D1-19BC2D9212DA}.Debug|Any CPU.ActiveCfg = Debug|Any CPU
		{371B13E0-96EF-4603-85D1-19BC2D9212DA}.Debug|Any CPU.Build.0 = Debug|Any CPU
		{371B13E0-96EF-4603-85D1-19BC2D9212DA}.Release|Any CPU.ActiveCfg = Release|Any CPU
		{371B13E0-96EF-4603-85D1-19BC2D9212DA}.Release|Any CPU.Build.0 = Release|Any CPU
	EndGlobalSection
	GlobalSection(SolutionProperties) = preSolution
		HideSolutionNode = FALSE
	EndGlobalSection
	GlobalSection(ExtensibilityGlobals) = postSolution
		SolutionGuid = {A3B32EFD-2DEA-436D-B6E3-1197DF3EFAE4}
	EndGlobalSection
EndGlobal
